
Microsoft Visual Studio Solution File, Format Version 12.00
# Visual Studio Version 17
VisualStudioVersion = 17.5.002.0
MinimumVisualStudioVersion = 10.0.40219.1
Project("{9A19103F-16F7-4668-BE54-9A1E7A4F7556}") = "Calculando Volatilidade", "Calculando Volatilidade.csproj", "{E453D8BC-EA30-4C41-8272-F83B64F5B78F}"
EndProject
Global
	GlobalSection(SolutionConfigurationPlatforms) = preSolution
		Debug|Any CPU = Debug|Any CPU
		Release|Any CPU = Release|Any CPU
	EndGlobalSection
	GlobalSection(ProjectConfigurationPlatforms) = postSolution
		{E453D8BC-EA30-4C41-8272-F83B64F5B78F}.Debug|Any CPU.ActiveCfg = Debug|Any CPU
		{E453D8BC-EA30-4C41-8272-F83B64F5B78F}.Debug|Any CPU.Build.0 = Debug|Any CPU
		{E453D8BC-EA30-4C41-8272-F83B64F5B78F}.Release|Any CPU.ActiveCfg = Release|Any CPU
		{E453D8BC-EA30-4C41-8272-F83B64F5B78F}.Release|Any CPU.Build.0 = Release|Any CPU
	EndGlobalSection
	GlobalSection(SolutionProperties) = preSolution
		HideSolutionNode = FALSE
	EndGlobalSection
	GlobalSection(ExtensibilityGlobals) = postSolution
		SolutionGuid = {31093D3D-B2DA-41ED-B851-158302BFDD4E}
	EndGlobalSection
EndGlobal
